
{
  "name": "image-processor-vite",
  "version": "0.0.0",
  "lockfileVersion": 3,
  "requires": true,
  "packages": {
    "": {
      "name": "image-processor-vite",
      "version": "0.0.0",
      "dependencies": {
        "react": "^18.2.0",
        "react-dom": "^18.2.0"
      },
      "devDependencies": {
        "@types/react": "^18.2.37",
        "@types/react-dom": "^18.2.15",
        "@vitejs/plugin-react": "^4.2.0",
        "typescript": "^5.2.2",
        "vite": "^5.0.0"
      }
    },
    "node_modules/@babel/parser": {
      "version": "7.24.7",
      "resolved": "https://registry.npmjs.org/@babel/parser/-/parser-7.24.7.tgz",
      "integrity": "sha512-n/0I2q2s24sBRoye2gWGxcLNE7EfMY2+K1IU4a/4BPCp8GUxxmN6s8jsP0iVp53oQdKxna9hTfNlB5NA5w1sDA==",
      "license": "MIT",
      "devDependencies": true,
      "bin": {
        "parser": "bin/babel-parser.js"
      },
      "engines": {
        "node": ">=6.0.0"
      }
    },
    "node_modules/@types/prop-types": {
      "version": "15.7.12",
      "resolved": "https://registry.npmjs.org/@types/prop-types/-/prop-types-15.7.12.tgz",
      "integrity": "sha512-5zvhXYS3icfN1wT/OFUDRk70o528A3NP2Jv34U35wY6ma739my2vsHT2hc0v2SBD2s9S2sSH3aBwJ/3s+iQcTw==",
      "license": "MIT",
      "devDependencies": true
    },
    "node_modules/@types/react": {
      "version": "18.3.3",
      "resolved": "https://registry.npmjs.org/@types/react/-/react-18.3.3.tgz",
      "integrity": "sha512-hti/R0pS0q1/xx+TsI73S6SqvbewHk24I+Gk3N1L1aNT8vRb/vP5vRcS28vDq3LSs3rEU9Y2sH99SA1Vbs6K7A==",
      "license": "MIT",
      "devDependencies": true,
      "dependencies": {
        "@types/prop-types": "*",
        "csstype": "^3.0.2"
      }
    },
    "node_modules/@types/react-dom": {
      "version": "18.3.0",
      "resolved": "https://registry.npmjs.org/@types/react-dom/-/react-dom-18.3.0.tgz",
      "integrity": "sha512-hpTMnTeo4QPOY3+40k2DVzuaUX1cv2j2PA1xT+YEN9YuP4Ex3d/TMY9r4X2vD0+T6Xm8f203a2w8a417zVf2g==",
      "license": "MIT",
      "devDependencies": true,
      "dependencies": {
        "@types/react": "*"
      }
    },
    "node_modules/@vitejs/plugin-react": {
      "version": "4.3.1",
      "resolved": "https://registry.npmjs.org/@vitejs/plugin-react/-/plugin-react-4.3.1.tgz",
      "integrity": "sha512-dtc8G83+/pM0XbCg1o2hSmTux3fD/Oh4eAvz3vDoP0pT5o+pDMM8IjX7Rw/k3H2y2WJ7fWjvt3+Jv+xmxm+PGA==",
      "license": "MIT",
      "devDependencies": true,
      "dependencies": {
        "@babel/parser": "^7.24.1",
        "magic-string": "^0.30.5",
        "source-map-js": "^1.2.0"
      },
      "engines": {
        "node": ">=18.0.0"
      },
      "peerDependencies": {
        "vite": "^4.4.0 || ^5.0.0"
      }
    },
    "node_modules/csstype": {
      "version": "3.1.3",
      "resolved": "https://registry.npmjs.org/csstype/-/csstype-3.1.3.tgz",
      "integrity": "sha512-M1uQkMl8rQK/szD0LNhtqxIPLzHisNyCHERKI12sHdIzL42RfaHyZ4G95GR7JS5uSPIa+w0PE4AGLeTs2TchkA==",
      "license": "MIT",
      "devDependencies": true
    },
    "node_modules/esbuild": {
      "version": "0.21.5",
      "resolved": "https://registry.npmjs.org/esbuild/-/esbuild-0.21.5.tgz",
      "integrity": "sha512-LT3GrbVu3a/3v68wJbC9eT7i/wfAl+5x6+d2jLh8Lw4bWvT7q4G8e09+t8/r2LwV02aU/rQ1pY7R0/bIg==",
      "license": "MIT",
      "devDependencies": true,
      "hasInstallScript": true,
      "bin": {
        "esbuild": "bin/esbuild"
      },
      "engines": {
        "node": ">=12"
      },
      "optionalDependencies": {
        "@esbuild/android-arm": "0.21.5",
        "@esbuild/android-arm64": "0.21.5",
        "@esbuild/android-x64": "0.21.5",
        "@esbuild/darwin-arm64": "0.21.5",
        "@esbuild/darwin-x64": "0.21.5",
        "@esbuild/freebsd-arm64": "0.21.5",
        "@esbuild/freebsd-x64": "0.21.5",
        "@esbuild/linux-arm": "0.21.5",
        "@esbuild/linux-arm64": "0.21.5",
        "@esbuild/linux-ia32": "0.21.5",
        "@esbuild/linux-loong64": "0.21.5",
        "@esbuild/linux-mips64el": "0.21.5",
        "@esbuild/linux-ppc64": "0.21.5",
        "@esbuild/linux-riscv64": "0.21.5",
        "@esbuild/linux-s390x": "0.21.5",
        "@esbuild/linux-x64": "0.21.5",
        "@esbuild/netbsd-x64": "0.21.5",
        "@esbuild/openbsd-x64": "0.21.5",
        "@esbuild/sunos-x64": "0.21.5",
        "@esbuild/win32-arm64": "0.21.5",
        "@esbuild/win32-ia32": "0.21.5",
        "@esbuild/win32-x64": "0.21.5"
      }
    },
    "node_modules/fsevents": {
      "version": "2.3.3",
      "resolved": "https://registry.npmjs.org/fsevents/-/fsevents-2.3.3.tgz",
      "integrity": "sha512-5XPikHk3UGVIlsy/t0lZfUqea+fCdOAe1bBMr5rM5pgIe/qjTtmS0ceBkJr3iPp3oyP3Ie1IltAsZACsdN9fRw==",
      "license": "MIT",
      "devDependencies": true,
      "hasInstallScript": true,
      "optional": true,
      "os": [
        "darwin"
      ],
      "engines": {
        "node": "^8.16.0 || ^10.6.0 || >=11.0.0"
      }
    },
    "node_modules/js-tokens": {
      "version": "4.0.0",
      "resolved": "https://registry.npmjs.org/js-tokens/-/js-tokens-4.0.0.tgz",
      "integrity": "sha512-RdJUflcE3cUzKiMqQgsCu06FPu9UdIJO0beYbPhHN4k6apgJtifcoCtT9bcxOpYBtpD2kCM6Sbzg4CausW/PKQ==",
      "license": "MIT"
    },
    "node_modules/loose-envify": {
      "version": "1.4.0",
      "resolved": "https://registry.npmjs.org/loose-envify/-/loose-envify-1.4.0.tgz",
      "integrity": "sha512-lyuxPGr/Wfhrlem2CL/UcnUc1zcqKA3OmWtmGP9EgJuR4MLP9an7TFWCLfN7kgn2vwtHVs1BHg59cixis9iscw==",
      "license": "MIT",
      "bin": {
        "loose-envify": "cli.js"
      }
    },
    "node_modules/magic-string": {
      "version": "0.30.10",
      "resolved": "https://registry.npmjs.org/magic-string/-/magic-string-0.30.10.tgz",
      "integrity": "sha512-Y/1Yr+RhgnEKsCtk7trDaS4re3g7EA6b20S96y1u23bA+uNAb/qj1s7jKg0Qbm/e4aIgl2r+j0y0/sguqP221g==",
      "license": "MIT",
      "devDependencies": true,
      "dependencies": {
        "sourcemap-codec": "^1.4.8"
      },
      "engines": {
        "node": ">=16"
      }
    },
    "node_modules/nanoid": {
      "version": "3.3.7",
      "resolved": "https://registry.npmjs.org/nanoid/-/nanoid-3.3.7.tgz",
      "integrity": "sha512-eSRppjcPIat8EXwGEJRYXB/eNn3yIpae9uouSj2L2G2kyy9aP1oQJeO3Wf08h2wxo9wi4G14e1mu03LWe43gAQ==",
      "funding": [
        {
          "type": "github",
          "url": "https://github.com/sponsors/ai"
        }
      ],
      "license": "MIT",
      "devDependencies": true,
      "bin": {
        "nanoid": "bin/nanoid.js"
      },
      "engines": {
        "node": "^10 || ^12 || ^13.7 || ^14 || >=15.0.1"
      }
    },
    "node_modules/picocolors": {
      "version": "1.0.1",
      "resolved": "https://registry.npmjs.org/picocolors/-/picocolors-1.0.1.tgz",
      "integrity": "sha512-anQDJ0D0nbw5Qzcn2+IeP2wnz8r3WgfleUgoS2d48P43b1VToCBr2soWwzcrjv/0om0j0/2sg1sc0s4iGg5zHw==",
      "license": "ISC",
      "devDependencies": true
    },
    "node_modules/postcss": {
      "version": "8.4.38",
      "resolved": "https://registry.npmjs.org/postcss/-/postcss-8.4.38.tgz",
      "integrity": "sha512-o/k6DBsFT34Q/d/9kMC58xImV2tvhXZaTkClccn437T4go2k49JjQJ8Fpe8g22m1vfl2vjT5s62ws23i2dAm2Q==",
      "funding": [
        {
          "type": "opencollective",
          "url": "https://opencollective.com/postcss/"
        },
        {
          "type": "tidelift",
          "url": "https://tidelift.com/funding/github/npm/postcss"
        },
        {
          "type": "github",
          "url": "https://github.com/sponsors/ai"
        }
      ],
      "license": "MIT",
      "devDependencies": true,
      "dependencies": {
        "nanoid": "^3.3.7",
        "picocolors": "^1.0.1",
        "source-map-js": "^1.2.0"
      },
      "engines": {
        "node": "^10 || ^12 || >=14"
      }
    },
    "node_modules/react": {
      "version": "18.3.1",
      "resolved": "https://registry.npmjs.org/react/-/react-18.3.1.tgz",
      "integrity": "sha512-wS+hAgJShR0KHAlis9drmfC0vOUjX2IVf1G3+iKzX2wVgT6WfiStXTmRQi5RQy7lnveiw/2cZa9i9g202gTaWg==",
      "license": "MIT",
      "dependencies": {
        "loose-envify": "^1.1.0"
      },
      "engines": {
        "node": ">=0.10.0"
      }
    },
    "node_modules/react-dom": {
      "version": "18.3.1",
      "resolved": "https://registry.npmjs.org/react-dom/-/react-dom-18.3.1.tgz",
      "integrity": "sha512-5m4lBcnbRBjoKggm9fTBXbL3VmaYYLeNFySPz9g5Na8h3G5y3X2h/l+iKuuG00D302dNw1j/H292z4LqxdVzDA==",
      "license": "MIT",
      "dependencies": {
        "loose-envify": "^1.1.0",
        "scheduler": "^0.23.2"
      },
      "peerDependencies": {
        "react": "18.3.1"
      }
    },
    "node_modules/resolve": {
      "version": "2.0.0-next.5",
      "resolved": "https://registry.npmjs.org/resolve/-/resolve-2.0.0-next.5.tgz",
      "integrity": "sha512-Y1bBvSt4OQsoiMMVCEr/fN8A2+2a+cui/sghC04i+c68cHI4f52rI3KMLaI3o2SGPCA+k/i/a95vQHFh3B5qBw==",
      "license": "MIT",
      "devDependencies": true,
      "dependencies": {
        "is-core-module": "^2.13.1",
        "path-parse": "^1.0.7",
        "supports-preserve-symlinks-flag": "^1.0.0"
      },
      "bin": {
        "resolve": "bin/resolve"
      },
      "funding": {
        "url": "https://github.com/sponsors/ljharb"
      }
    },
    "node_modules/resolve/node_modules/is-core-module": {
      "version": "2.13.1",
      "resolved": "https://registry.npmjs.org/is-core-module/-/is-core-module-2.13.1.tgz",
      "integrity": "sha512-hHrIjvZsftOsvKSn2TRYl63zvx+cTYJcZe1E0p6w8G2N2s8sArgDwmBg8T3eDApWfvLd4Wv3kS8Jza1p/OS2zw==",
      "license": "MIT",
      "devDependencies": true,
      "dependencies": {
        "hasown": "^2.0.0"
      },
      "funding": {
        "url": "https://github.com/sponsors/ljharb"
      }
    },
    "node_modules/resolve/node_modules/path-parse": {
      "version": "1.0.7",
      "resolved": "https://registry.npmjs.org/path-parse/-/path-parse-1.0.7.tgz",
      "integrity": "sha512-LDJzPVEEEêm+cK+oeD9gUPe3dVVnA/myjXk5fPeLoz25OB4IHLCRxtzdJE4gA7pZua8DW/s3SK52D/BD+m3B8w==",
      "license": "MIT",
      "devDependencies": true
    },
    "node_modules/rollup": {
      "version": "4.18.0",
      "resolved": "https://registry.npmjs.org/rollup/-/rollup-4.18.0.tgz",
      "integrity": "sha512-cj2dC/1aT7N2xM+y0A9NsPfrb4M1ZEt16kI78864fM3R+A2aWwVnOKx/vG22fBmMKXA+j3d7m4Q3j4gq8w==",
      "license": "MIT",
      "devDependencies": true,
      "bin": {
        "rollup": "dist/bin/rollup"
      },
      "engines": {
        "node": ">=18.0.0",
        "npm": ">=8.0.0"
      },
      "optionalDependencies": {
        "fsevents": "~2.3.2"
      }
    },
    "node_modules/scheduler": {
      "version": "0.23.2",
      "resolved": "https://registry.npmjs.org/scheduler/-/scheduler-0.23.2.tgz",
      "integrity": "sha512-EaCxbanVeyxDRT3YOCsdP/Pj8E4vte6Dan36s2hSynE/3g3pURoIMf9R23dTJk/vGZscsLwGg37/h/4zWkna3g==",
      "license": "MIT",
      "dependencies": {
        "loose-envify": "^1.1.0"
      }
    },
    "node_modules/source-map-js": {
      "version": "1.2.0",
      "resolved": "https://registry.npmjs.org/source-map-js/-/source-map-js-1.2.0.tgz",
      "integrity": "sha512-itJW8lvSA0imC43/f9ca62vKAI8dFpe23ML+1n23TSw2/mpS1K24n7Q+sL4Q9i9iLzGvWvYdG4w3B13vA3m0Q==",
      "license": "BSD-3-Clause",
      "devDependencies": true,
      "engines": {
        "node": ">=0.10.0"
      }
    },
    "node_modules/sourcemap-codec": {
      "version": "1.4.8",
      "resolved": "https://registry.npmjs.org/sourcemap-codec/-/sourcemap-codec-1.4.8.tgz",
      "integrity": "sha512-9NykojV5UihDrHe6DJpDq+fTUn6es6uswYoviWCDumpG4CUtmL+iCh2+1idwpiNvYwWVwM8Ai3I5HyB3sAfLgA==",
      "license": "MIT",
      "devDependencies": true
    },
    "node_modules/supports-preserve-symlinks-flag": {
      "version": "1.0.0",
      "resolved": "https://registry.npmjs.org/supports-preserve-symlinks-flag/-/supports-preserve-symlinks-flag-1.0.0.tgz",
      "integrity": "sha512-ot0WnSxp5v2e2ca4U4+kTrQp5ESZRwHaaOg1yvCsss9iAdb+fV2Bdc/B42Fdlhd5WLV0vpC/kzN3MChsu2wslg==",
      "license": "MIT",
      "devDependencies": true,
      "engines": {
        "node": ">= 0.4"
      }
    },
    "node_modules/typescript": {
      "version": "5.4.5",
      "resolved": "https://registry.npmjs.org/typescript/-/typescript-5.4.5.tgz",
      "integrity": "sha512-vcI4UpRgg81oXqd8ENYLdtX22AORt7BFKeEWXVug2g3Lt/bPe3oJIYZiUjweOol+TlsIHeI+M2ALcZuTmVl10Q==",
      "license": "Apache-2.0",
      "devDependencies": true,
      "bin": {
        "tsc": "bin/tsc",
        "tsserver": "bin/tsserver"
      },
      "engines": {
        "node": ">=14.17"
      }
    },
    "node_modules/vite": {
      "version": "5.2.13",
      "resolved": "https://registry.npmjs.org/vite/-/vite-5.2.13.tgz",
      "integrity": "sha512-gBvF2hY2yNWs99x8D6c2nEaF0Q715kHZp744eAmFgn7M8tsLB7D0o4Qf3OmmE3zRy0XQnBIP5G/X8Fv4/z0Kpg==",
      "license": "MIT",
      "devDependencies": true,
      "dependencies": {
        "esbuild": "^0.21.0",
        "postcss": "^8.4.38",
        "resolve": "^2.0.0-next.5",
        "rollup": "^4.17.2"
      },
      "bin": {
        "vite": "bin/vite.js"
      },
      "engines": {
        "node": "^18.0.0 || >=20.0.0"
      },
      "funding": {
        "url": "https://github.com/sponsors/yyx990803"
      },
      "optionalDependencies": {
        "fsevents": "~2.3.3"
      },
      "peerDependencies": {
        "@types/node": ">=18.0.0",
        "less": "*",
        "lightningcss": "^1.21.0",
        "sass": "*",
        "stylus": "*",
        "sugarss": "*",
        "terser": "^5.4.0"
      },
      "peerDependenciesMeta": {
        "@types/node": {
          "optional": true
        },
        "less": {
          "optional": true
        },
        "lightningcss": {
          "optional": true
        },
        "sass": {
          "optional": true
        },
        "stylus": {
          "optional": true
        },
        "sugarss": {
          "optional": true
        },
        "terser": {
          "optional": true
        }
      }
    }
  }
}
